
Microsoft Visual Studio Solution File, Format Version 12.00
# Visual Studio Version 16
VisualStudioVersion = 16.0.30011.22
MinimumVisualStudioVersion = 10.0.40219.1
Project("{FAE04EC0-301F-11D3-BF4B-00C04F79EFBC}") = "PlovdivUniversity_OOP_ASD", "PlovdivUniversity_OOP_ASD\PlovdivUniversity_OOP_ASD.csproj", "{093D9EA5-384F-4162-B41A-83DA7415E499}"
EndProject
Global
	GlobalSection(SolutionConfigurationPlatforms) = preSolution
		Debug|Any CPU = Debug|Any CPU
		Release|Any CPU = Release|Any CPU
	EndGlobalSection
	GlobalSection(ProjectConfigurationPlatforms) = postSolution
		{093D9EA5-384F-4162-B41A-83DA7415E499}.Debug|Any CPU.ActiveCfg = Debug|Any CPU
		{093D9EA5-384F-4162-B41A-83DA7415E499}.Debug|Any CPU.Build.0 = Debug|Any CPU
		{093D9EA5-384F-4162-B41A-83DA7415E499}.Release|Any CPU.ActiveCfg = Release|Any CPU
		{093D9EA5-384F-4162-B41A-83DA7415E499}.Release|Any CPU.Build.0 = Release|Any CPU
	EndGlobalSection
	GlobalSection(SolutionProperties) = preSolution
		HideSolutionNode = FALSE
	EndGlobalSection
	GlobalSection(ExtensibilityGlobals) = postSolution
		SolutionGuid = {6962A362-0E65-47DA-AD14-EE6D38185AC4}
	EndGlobalSection
EndGlobal
